// !$*UTF8*$!
{
	archiveVersion = 1;
	classes = {
	};
	objectVersion = 48;
	objects = {

/* Begin PBXBuildFile section */
		3833C49220367CDA00E4D301 /* TableViewController.swift in Sources */ = {isa = PBXBuildFile; fileRef = 3833C49120367CDA00E4D301 /* TableViewController.swift */; };
		3861787E1FBC21750059FE89 /* DynamicTabBarController.h in Headers */ = {isa = PBXBuildFile; fileRef = 3861787C1FBC21750059FE89 /* DynamicTabBarController.h */; settings = {ATTRIBUTES = (Public, ); }; };
		386178871FBC218C0059FE89 /* DynamicTabBarController.swift in Sources */ = {isa = PBXBuildFile; fileRef = 386178841FBC218B0059FE89 /* DynamicTabBarController.swift */; };
		386178881FBC218C0059FE89 /* DynamicTabBarCell.swift in Sources */ = {isa = PBXBuildFile; fileRef = 386178851FBC218B0059FE89 /* DynamicTabBarCell.swift */; };
		386178891FBC218C0059FE89 /* DynamicTabBar.swift in Sources */ = {isa = PBXBuildFile; fileRef = 386178861FBC218C0059FE89 /* DynamicTabBar.swift */; };
		3861788C1FBC21970059FE89 /* UIView+AutoLayout.swift in Sources */ = {isa = PBXBuildFile; fileRef = 3861788A1FBC21970059FE89 /* UIView+AutoLayout.swift */; };
		3861788D1FBC21970059FE89 /* NSConstraintLayoutSet.swift in Sources */ = {isa = PBXBuildFile; fileRef = 3861788B1FBC21970059FE89 /* NSConstraintLayoutSet.swift */; };
		386178951FBC21C60059FE89 /* AppDelegate.swift in Sources */ = {isa = PBXBuildFile; fileRef = 386178941FBC21C60059FE89 /* AppDelegate.swift */; };
		3861789C1FBC21C60059FE89 /* Assets.xcassets in Resources */ = {isa = PBXBuildFile; fileRef = 3861789B1FBC21C60059FE89 /* Assets.xcassets */; };
		3861789F1FBC21C60059FE89 /* LaunchScreen.storyboard in Resources */ = {isa = PBXBuildFile; fileRef = 3861789D1FBC21C60059FE89 /* LaunchScreen.storyboard */; };
		386178A51FBC21EB0059FE89 /* ViewController.swift in Sources */ = {isa = PBXBuildFile; fileRef = 386178A41FBC21EB0059FE89 /* ViewController.swift */; };
		386178A71FBC21F10059FE89 /* Fruit.swift in Sources */ = {isa = PBXBuildFile; fileRef = 386178A61FBC21F10059FE89 /* Fruit.swift */; };
		386178A91FBC22E10059FE89 /* UIView+AutoLayout.swift in Sources */ = {isa = PBXBuildFile; fileRef = 386178A81FBC22E10059FE89 /* UIView+AutoLayout.swift */; };
		386178AA1FBC23760059FE89 /* DynamicTabBarController.framework in Frameworks */ = {isa = PBXBuildFile; fileRef = 386178791FBC21740059FE89 /* DynamicTabBarController.framework */; };
		386178AB1FBC23760059FE89 /* DynamicTabBarController.framework in Embed Frameworks */ = {isa = PBXBuildFile; fileRef = 386178791FBC21740059FE89 /* DynamicTabBarController.framework */; settings = {ATTRIBUTES = (CodeSignOnCopy, RemoveHeadersOnCopy, ); }; };
/* End PBXBuildFile section */

/* Begin PBXContainerItemProxy section */
		386178AC1FBC23760059FE89 /* PBXContainerItemProxy */ = {
			isa = PBXContainerItemProxy;
			containerPortal = 386178701FBC21740059FE89 /* Project object */;
			proxyType = 1;
			remoteGlobalIDString = 386178781FBC21740059FE89;
			remoteInfo = DynamicTabBarController;
		};
/* End PBXContainerItemProxy section */

/* Begin PBXCopyFilesBuildPhase section */
		386178AE1FBC23760059FE89 /* Embed Frameworks */ = {
			isa = PBXCopyFilesBuildPhase;
			buildActionMask = 2147483647;
			dstPath = "";
			dstSubfolderSpec = 10;
			files = (
				386178AB1FBC23760059FE89 /* DynamicTabBarController.framework in Embed Frameworks */,
			);
			name = "Embed Frameworks";
			runOnlyForDeploymentPostprocessing = 0;
		};
/* End PBXCopyFilesBuildPhase section */

/* Begin PBXFileReference section */
		3833C49120367CDA00E4D301 /* TableViewController.swift */ = {isa = PBXFileReference; lastKnownFileType = sourcecode.swift; path = TableViewController.swift; sourceTree = "<group>"; };
		3833C49320367D6F00E4D301 /* DynamicTabBarController.podspec */ = {isa = PBXFileReference; lastKnownFileType = text; path = DynamicTabBarController.podspec; sourceTree = "<group>"; };
		3833C49420367D6F00E4D301 /* LICENSE */ = {isa = PBXFileReference; lastKnownFileType = text; path = LICENSE; sourceTree = "<group>"; };
		3833C49520367D6F00E4D301 /* README.md */ = {isa = PBXFileReference; lastKnownFileType = net.daringfireball.markdown; path = README.md; sourceTree = "<group>"; };
		386178791FBC21740059FE89 /* DynamicTabBarController.framework */ = {isa = PBXFileReference; explicitFileType = wrapper.framework; includeInIndex = 0; path = DynamicTabBarController.framework; sourceTree = BUILT_PRODUCTS_DIR; };
		3861787C1FBC21750059FE89 /* DynamicTabBarController.h */ = {isa = PBXFileReference; lastKnownFileType = sourcecode.c.h; path = DynamicTabBarController.h; sourceTree = "<group>"; };
		3861787D1FBC21750059FE89 /* Info.plist */ = {isa = PBXFileReference; lastKnownFileType = text.plist.xml; path = Info.plist; sourceTree = "<group>"; };
		386178841FBC218B0059FE89 /* DynamicTabBarController.swift */ = {isa = PBXFileReference; fileEncoding = 4; lastKnownFileType = sourcecode.swift; path = DynamicTabBarController.swift; sourceTree = "<group>"; };
		386178851FBC218B0059FE89 /* DynamicTabBarCell.swift */ = {isa = PBXFileReference; fileEncoding = 4; lastKnownFileType = sourcecode.swift; path = DynamicTabBarCell.swift; sourceTree = "<group>"; };
		386178861FBC218C0059FE89 /* DynamicTabBar.swift */ = {isa = PBXFileReference; fileEncoding = 4; lastKnownFileType = sourcecode.swift; path = DynamicTabBar.swift; sourceTree = "<group>"; };
		3861788A1FBC21970059FE89 /* UIView+AutoLayout.swift */ = {isa = PBXFileReference; fileEncoding = 4; lastKnownFileType = sourcecode.swift; path = "UIView+AutoLayout.swift"; sourceTree = "<group>"; };
		3861788B1FBC21970059FE89 /* NSConstraintLayoutSet.swift */ = {isa = PBXFileReference; fileEncoding = 4; lastKnownFileType = sourcecode.swift; path = NSConstraintLayoutSet.swift; sourceTree = "<group>"; };
		386178921FBC21C60059FE89 /* Example.app */ = {isa = PBXFileReference; explicitFileType = wrapper.application; includeInIndex = 0; path = Example.app; sourceTree = BUILT_PRODUCTS_DIR; };
		386178941FBC21C60059FE89 /* AppDelegate.swift */ = {isa = PBXFileReference; lastKnownFileType = sourcecode.swift; path = AppDelegate.swift; sourceTree = "<group>"; };
		3861789B1FBC21C60059FE89 /* Assets.xcassets */ = {isa = PBXFileReference; lastKnownFileType = folder.assetcatalog; path = Assets.xcassets; sourceTree = "<group>"; };
		3861789E1FBC21C60059FE89 /* Base */ = {isa = PBXFileReference; lastKnownFileType = file.storyboard; name = Base; path = Base.lproj/LaunchScreen.storyboard; sourceTree = "<group>"; };
		386178A01FBC21C60059FE89 /* Info.plist */ = {isa = PBXFileReference; lastKnownFileType = text.plist.xml; path = Info.plist; sourceTree = "<group>"; };
		386178A41FBC21EB0059FE89 /* ViewController.swift */ = {isa = PBXFileReference; fileEncoding = 4; lastKnownFileType = sourcecode.swift; path = ViewController.swift; sourceTree = "<group>"; };
		386178A61FBC21F10059FE89 /* Fruit.swift */ = {isa = PBXFileReference; fileEncoding = 4; lastKnownFileType = sourcecode.swift; path = Fruit.swift; sourceTree = "<group>"; };
		386178A81FBC22E10059FE89 /* UIView+AutoLayout.swift */ = {isa = PBXFileReference; fileEncoding = 4; lastKnownFileType = sourcecode.swift; path = "UIView+AutoLayout.swift"; sourceTree = "<group>"; };
/* End PBXFileReference section */

/* Begin PBXFrameworksBuildPhase section */
		386178751FBC21740059FE89 /* Frameworks */ = {
			isa = PBXFrameworksBuildPhase;
			buildActionMask = 2147483647;
			files = (
			);
			runOnlyForDeploymentPostprocessing = 0;
		};
		3861788F1FBC21C60059FE89 /* Frameworks */ = {
			isa = PBXFrameworksBuildPhase;
			buildActionMask = 2147483647;
			files = (
				386178AA1FBC23760059FE89 /* DynamicTabBarController.framework in Frameworks */,
			);
			runOnlyForDeploymentPostprocessing = 0;
		};
/* End PBXFrameworksBuildPhase section */

/* Begin PBXGroup section */
		3861786F1FBC21740059FE89 = {
			isa = PBXGroup;
			children = (
				3833C49420367D6F00E4D301 /* LICENSE */,
				3833C49520367D6F00E4D301 /* README.md */,
				3833C49320367D6F00E4D301 /* DynamicTabBarController.podspec */,
				3861787B1FBC21750059FE89 /* DynamicTabBarController */,
				386178931FBC21C60059FE89 /* Example */,
				3861787A1FBC21740059FE89 /* Products */,
			);
			sourceTree = "<group>";
		};
		3861787A1FBC21740059FE89 /* Products */ = {
			isa = PBXGroup;
			children = (
				386178791FBC21740059FE89 /* DynamicTabBarController.framework */,
				386178921FBC21C60059FE89 /* Example.app */,
			);
			name = Products;
			sourceTree = "<group>";
		};
		3861787B1FBC21750059FE89 /* DynamicTabBarController */ = {
			isa = PBXGroup;
			children = (
				3861787C1FBC21750059FE89 /* DynamicTabBarController.h */,
				386178861FBC218C0059FE89 /* DynamicTabBar.swift */,
				386178851FBC218B0059FE89 /* DynamicTabBarCell.swift */,
				386178841FBC218B0059FE89 /* DynamicTabBarController.swift */,
				3861788B1FBC21970059FE89 /* NSConstraintLayoutSet.swift */,
				3861788A1FBC21970059FE89 /* UIView+AutoLayout.swift */,
				3861787D1FBC21750059FE89 /* Info.plist */,
			);
			path = DynamicTabBarController;
			sourceTree = "<group>";
		};
		386178931FBC21C60059FE89 /* Example */ = {
			isa = PBXGroup;
			children = (
				386178941FBC21C60059FE89 /* AppDelegate.swift */,
				386178A61FBC21F10059FE89 /* Fruit.swift */,
				386178A41FBC21EB0059FE89 /* ViewController.swift */,
				3833C49120367CDA00E4D301 /* TableViewController.swift */,
				386178A81FBC22E10059FE89 /* UIView+AutoLayout.swift */,
				3861789B1FBC21C60059FE89 /* Assets.xcassets */,
				3861789D1FBC21C60059FE89 /* LaunchScreen.storyboard */,
				386178A01FBC21C60059FE89 /* Info.plist */,
			);
			path = Example;
			sourceTree = "<group>";
		};
/* End PBXGroup section */

/* Begin PBXHeadersBuildPhase section */
		386178761FBC21740059FE89 /* Headers */ = {
			isa = PBXHeadersBuildPhase;
			buildActionMask = 2147483647;
			files = (
				3861787E1FBC21750059FE89 /* DynamicTabBarController.h in Headers */,
			);
			runOnlyForDeploymentPostprocessing = 0;
		};
/* End PBXHeadersBuildPhase section */

/* Begin PBXNativeTarget section */
		386178781FBC21740059FE89 /* DynamicTabBarController */ = {
			isa = PBXNativeTarget;
			buildConfigurationList = 386178811FBC21750059FE89 /* Build configuration list for PBXNativeTarget "DynamicTabBarController" */;
			buildPhases = (
				386178741FBC21740059FE89 /* Sources */,
				386178751FBC21740059FE89 /* Frameworks */,
				386178761FBC21740059FE89 /* Headers */,
				386178771FBC21740059FE89 /* Resources */,
			);
			buildRules = (
			);
			dependencies = (
			);
			name = DynamicTabBarController;
			productName = DynamicTabBarController;
			productReference = 386178791FBC21740059FE89 /* DynamicTabBarController.framework */;
			productType = "com.apple.product-type.framework";
		};
		386178911FBC21C60059FE89 /* Example */ = {
			isa = PBXNativeTarget;
			buildConfigurationList = 386178A11FBC21C60059FE89 /* Build configuration list for PBXNativeTarget "Example" */;
			buildPhases = (
				3861788E1FBC21C60059FE89 /* Sources */,
				3861788F1FBC21C60059FE89 /* Frameworks */,
				386178901FBC21C60059FE89 /* Resources */,
				386178AE1FBC23760059FE89 /* Embed Frameworks */,
			);
			buildRules = (
			);
			dependencies = (
				386178AD1FBC23760059FE89 /* PBXTargetDependency */,
			);
			name = Example;
			productName = Example;
			productReference = 386178921FBC21C60059FE89 /* Example.app */;
			productType = "com.apple.product-type.application";
		};
/* End PBXNativeTarget section */

/* Begin PBXProject section */
		386178701FBC21740059FE89 /* Project object */ = {
			isa = PBXProject;
			attributes = {
				LastSwiftUpdateCheck = 0910;
				LastUpgradeCheck = 0910;
				ORGANIZATIONNAME = "Nathan Tannar";
				TargetAttributes = {
					386178781FBC21740059FE89 = {
						CreatedOnToolsVersion = 9.1;
						LastSwiftMigration = 1000;
						ProvisioningStyle = Automatic;
					};
					386178911FBC21C60059FE89 = {
						CreatedOnToolsVersion = 9.1;
						LastSwiftMigration = 1000;
						ProvisioningStyle = Automatic;
					};
				};
			};
			buildConfigurationList = 386178731FBC21740059FE89 /* Build configuration list for PBXProject "DynamicTabBarController" */;
			compatibilityVersion = "Xcode 8.0";
			developmentRegion = en;
			hasScannedForEncodings = 0;
			knownRegions = (
				en,
				Base,
			);
			mainGroup = 3861786F1FBC21740059FE89;
			productRefGroup = 3861787A1FBC21740059FE89 /* Products */;
			projectDirPath = "";
			projectRoot = "";
			targets = (
				386178781FBC21740059FE89 /* DynamicTabBarController */,
				386178911FBC21C60059FE89 /* Example */,
			);
		};
/* End PBXProject section */

/* Begin PBXResourcesBuildPhase section */
		386178771FBC21740059FE89 /* Resources */ = {
			isa = PBXResourcesBuildPhase;
			buildActionMask = 2147483647;
			files = (
			);
			runOnlyForDeploymentPostprocessing = 0;
		};
		386178901FBC21C60059FE89 /* Resources */ = {
			isa = PBXResourcesBuildPhase;
			buildActionMask = 2147483647;
			files = (
				3861789F1FBC21C60059FE89 /* LaunchScreen.storyboard in Resources */,
				3861789C1FBC21C60059FE89 /* Assets.xcassets in Resources */,
			);
			runOnlyForDeploymentPostprocessing = 0;
		};
/* End PBXResourcesBuildPhase section */

/* Begin PBXSourcesBuildPhase section */
		386178741FBC21740059FE89 /* Sources */ = {
			isa = PBXSourcesBuildPhase;
			buildActionMask = 2147483647;
			files = (
				386178891FBC218C0059FE89 /* DynamicTabBar.swift in Sources */,
				3861788C1FBC21970059FE89 /* UIView+AutoLayout.swift in Sources */,
				3861788D1FBC21970059FE89 /* NSConstraintLayoutSet.swift in Sources */,
				386178871FBC218C0059FE89 /* DynamicTabBarController.swift in Sources */,
				386178881FBC218C0059FE89 /* DynamicTabBarCell.swift in Sources */,
			);
			runOnlyForDeploymentPostprocessing = 0;
		};
		3861788E1FBC21C60059FE89 /* Sources */ = {
			isa = PBXSourcesBuildPhase;
			buildActionMask = 2147483647;
			files = (
				386178A71FBC21F10059FE89 /* Fruit.swift in Sources */,
				386178A91FBC22E10059FE89 /* UIView+AutoLayout.swift in Sources */,
				386178A51FBC21EB0059FE89 /* ViewController.swift in Sources */,
				3833C49220367CDA00E4D301 /* TableViewController.swift in Sources */,
				386178951FBC21C60059FE89 /* AppDelegate.swift in Sources */,
			);
			runOnlyForDeploymentPostprocessing = 0;
		};
/* End PBXSourcesBuildPhase section */

/* Begin PBXTargetDependency section */
		386178AD1FBC23760059FE89 /* PBXTargetDependency */ = {
			isa = PBXTargetDependency;
			target = 386178781FBC21740059FE89 /* DynamicTabBarController */;
			targetProxy = 386178AC1FBC23760059FE89 /* PBXContainerItemProxy */;
		};
/* End PBXTargetDependency section */

/* Begin PBXVariantGroup section */
		3861789D1FBC21C60059FE89 /* LaunchScreen.storyboard */ = {
			isa = PBXVariantGroup;
			children = (
				3861789E1FBC21C60059FE89 /* Base */,
			);
			name = LaunchScreen.storyboard;
			sourceTree = "<group>";
		};
/* End PBXVariantGroup section */

/* Begin XCBuildConfiguration section */
		3861787F1FBC21750059FE89 /* Debug */ = {
			isa = XCBuildConfiguration;
			buildSettings = {
				ALWAYS_SEARCH_USER_PATHS = NO;
				CLANG_ANALYZER_NONNULL = YES;
				CLANG_ANALYZER_NUMBER_OBJECT_CONVERSION = YES_AGGRESSIVE;
				CLANG_CXX_LANGUAGE_STANDARD = "gnu++14";
				CLANG_CXX_LIBRARY = "libc++";
				CLANG_ENABLE_MODULES = YES;
				CLANG_ENABLE_OBJC_ARC = YES;
				CLANG_WARN_BLOCK_CAPTURE_AUTORELEASING = YES;
				CLANG_WARN_BOOL_CONVERSION = YES;
				CLANG_WARN_COMMA = YES;
				CLANG_WARN_CONSTANT_CONVERSION = YES;
				CLANG_WARN_DIRECT_OBJC_ISA_USAGE = YES_ERROR;
				CLANG_WARN_DOCUMENTATION_COMMENTS = YES;
				CLANG_WARN_EMPTY_BODY = YES;
				CLANG_WARN_ENUM_CONVERSION = YES;
				CLANG_WARN_INFINITE_RECURSION = YES;
				CLANG_WARN_INT_CONVERSION = YES;
				CLANG_WARN_NON_LITERAL_NULL_CONVERSION = YES;
				CLANG_WARN_OBJC_LITERAL_CONVERSION = YES;
				CLANG_WARN_OBJC_ROOT_CLASS = YES_ERROR;
				CLANG_WARN_RANGE_LOOP_ANALYSIS = YES;
				CLANG_WARN_STRICT_PROTOTYPES = YES;
				CLANG_WARN_SUSPICIOUS_MOVE = YES;
				CLANG_WARN_UNGUARDED_AVAILABILITY = YES_AGGRESSIVE;
				CLANG_WARN_UNREACHABLE_CODE = YES;
				CLANG_WARN__DUPLICATE_METHOD_MATCH = YES;
				CODE_SIGN_IDENTITY = "iPhone Developer";
				COPY_PHASE_STRIP = NO;
				CURRENT_PROJECT_VERSION = 1;
				DEBUG_INFORMATION_FORMAT = dwarf;
				ENABLE_STRICT_OBJC_MSGSEND = YES;
				ENABLE_TESTABILITY = YES;
				GCC_C_LANGUAGE_STANDARD = gnu11;
				GCC_DYNAMIC_NO_PIC = NO;
				GCC_NO_COMMON_BLOCKS = YES;
				GCC_OPTIMIZATION_LEVEL = 0;
				GCC_PREPROCESSOR_DEFINITIONS = (
					"DEBUG=1",
					"$(inherited)",
				);
				GCC_WARN_64_TO_32_BIT_CONVERSION = YES;
				GCC_WARN_ABOUT_RETURN_TYPE = YES_ERROR;
				GCC_WARN_UNDECLARED_SELECTOR = YES;
				GCC_WARN_UNINITIALIZED_AUTOS = YES_AGGRESSIVE;
				GCC_WARN_UNUSED_FUNCTION = YES;
				GCC_WARN_UNUSED_VARIABLE = YES;
				IPHONEOS_DEPLOYMENT_TARGET = 11.1;
				MTL_ENABLE_DEBUG_INFO = YES;
				ONLY_ACTIVE_ARCH = YES;
				SDKROOT = iphoneos;
				SWIFT_ACTIVE_COMPILATION_CONDITIONS = DEBUG;
				SWIFT_OPTIMIZATION_LEVEL = "-Onone";
				VERSIONING_SYSTEM = "apple-generic";
				VERSION_INFO_PREFIX = "";
			};
			name = Debug;
		};
		386178801FBC21750059FE89 /* Release */ = {
			isa = XCBuildConfiguration;
			buildSettings = {
				ALWAYS_SEARCH_USER_PATHS = NO;
				CLANG_ANALYZER_NONNULL = YES;
				CLANG_ANALYZER_NUMBER_OBJECT_CONVERSION = YES_AGGRESSIVE;
				CLANG_CXX_LANGUAGE_STANDARD = "gnu++14";
				CLANG_CXX_LIBRARY = "libc++";
				CLANG_ENABLE_MODULES = YES;
				CLANG_ENABLE_OBJC_ARC = YES;
				CLANG_WARN_BLOCK_CAPTURE_AUTORELEASING = YES;
				CLANG_WARN_BOOL_CONVERSION = YES;
				CLANG_WARN_COMMA = YES;
				CLANG_WARN_CONSTANT_CONVERSION = YES;
				CLANG_WARN_DIRECT_OBJC_ISA_USAGE = YES_ERROR;
				CLANG_WARN_DOCUMENTATION_COMMENTS = YES;
				CLANG_WARN_EMPTY_BODY = YES;
				CLANG_WARN_ENUM_CONVERSION = YES;
				CLANG_WARN_INFINITE_RECURSION = YES;
				CLANG_WARN_INT_CONVERSION = YES;
				CLANG_WARN_NON_LITERAL_NULL_CONVERSION = YES;
				CLANG_WARN_OBJC_LITERAL_CONVERSION = YES;
				CLANG_WARN_OBJC_ROOT_CLASS = YES_ERROR;
				CLANG_WARN_RANGE_LOOP_ANALYSIS = YES;
				CLANG_WARN_STRICT_PROTOTYPES = YES;
				CLANG_WARN_SUSPICIOUS_MOVE = YES;
				CLANG_WARN_UNGUARDED_AVAILABILITY = YES_AGGRESSIVE;
				CLANG_WARN_UNREACHABLE_CODE = YES;
				CLANG_WARN__DUPLICATE_METHOD_MATCH = YES;
				CODE_SIGN_IDENTITY = "iPhone Developer";
				COPY_PHASE_STRIP = NO;
				CURRENT_PROJECT_VERSION = 1;
				DEBUG_INFORMATION_FORMAT = "dwarf-with-dsym";
				ENABLE_NS_ASSERTIONS = NO;
				ENABLE_STRICT_OBJC_MSGSEND = YES;
				GCC_C_LANGUAGE_STANDARD = gnu11;
				GCC_NO_COMMON_BLOCKS = YES;
				GCC_WARN_64_TO_32_BIT_CONVERSION = YES;
				GCC_WARN_ABOUT_RETURN_TYPE = YES_ERROR;
				GCC_WARN_UNDECLARED_SELECTOR = YES;
				GCC_WARN_UNINITIALIZED_AUTOS = YES_AGGRESSIVE;
				GCC_WARN_UNUSED_FUNCTION = YES;
				GCC_WARN_UNUSED_VARIABLE = YES;
				IPHONEOS_DEPLOYMENT_TARGET = 11.1;
				MTL_ENABLE_DEBUG_INFO = NO;
				SDKROOT = iphoneos;
				SWIFT_OPTIMIZATION_LEVEL = "-Owholemodule";
				VALIDATE_PRODUCT = YES;
				VERSIONING_SYSTEM = "apple-generic";
				VERSION_INFO_PREFIX = "";
			};
			name = Release;
		};
		386178821FBC21750059FE89 /* Debug */ = {
			isa = XCBuildConfiguration;
			buildSettings = {
				CLANG_ENABLE_MODULES = YES;
				CODE_SIGN_IDENTITY = "";
				CODE_SIGN_STYLE = Automatic;
				DEFINES_MODULE = YES;
				DEVELOPMENT_TEAM = 9EUCWD26TP;
				DYLIB_COMPATIBILITY_VERSION = 1;
				DYLIB_CURRENT_VERSION = 1;
				DYLIB_INSTALL_NAME_BASE = "@rpath";
				INFOPLIST_FILE = DynamicTabBarController/Info.plist;
				INSTALL_PATH = "$(LOCAL_LIBRARY_DIR)/Frameworks";
				LD_RUNPATH_SEARCH_PATHS = "$(inherited) @executable_path/Frameworks @loader_path/Frameworks";
				PRODUCT_BUNDLE_IDENTIFIER = me.nathantannar.DynamicTabBarController;
				PRODUCT_NAME = "$(TARGET_NAME:c99extidentifier)";
				SKIP_INSTALL = YES;
				SWIFT_OPTIMIZATION_LEVEL = "-Onone";
				SWIFT_VERSION = 4.2;
				TARGETED_DEVICE_FAMILY = "1,2";
			};
			name = Debug;
		};
		386178831FBC21750059FE89 /* Release */ = {
			isa = XCBuildConfiguration;
			buildSettings = {
				CLANG_ENABLE_MODULES = YES;
				CODE_SIGN_IDENTITY = "";
				CODE_SIGN_STYLE = Automatic;
				DEFINES_MODULE = YES;
				DEVELOPMENT_TEAM = 9EUCWD26TP;
				DYLIB_COMPATIBILITY_VERSION = 1;
				DYLIB_CURRENT_VERSION = 1;
				DYLIB_INSTALL_NAME_BASE = "@rpath";
				INFOPLIST_FILE = DynamicTabBarController/Info.plist;
				INSTALL_PATH = "$(LOCAL_LIBRARY_DIR)/Frameworks";
				LD_RUNPATH_SEARCH_PATHS = "$(inherited) @executable_path/Frameworks @loader_path/Frameworks";
				PRODUCT_BUNDLE_IDENTIFIER = me.nathantannar.DynamicTabBarController;
				PRODUCT_NAME = "$(TARGET_NAME:c99extidentifier)";
				SKIP_INSTALL = YES;
				SWIFT_VERSION = 4.2;
				TARGETED_DEVICE_FAMILY = "1,2";
			};
			name = Release;
		};
		386178A21FBC21C60059FE89 /* Debug */ = {
			isa = XCBuildConfiguration;
			buildSettings = {
				ALWAYS_EMBED_SWIFT_STANDARD_LIBRARIES = YES;
				ASSETCATALOG_COMPILER_APPICON_NAME = AppIcon;
				CODE_SIGN_STYLE = Automatic;
				DEVELOPMENT_TEAM = 9EUCWD26TP;
				INFOPLIST_FILE = Example/Info.plist;
				LD_RUNPATH_SEARCH_PATHS = "$(inherited) @executable_path/Frameworks";
				PRODUCT_BUNDLE_IDENTIFIER = me.nathantannar.Example;
				PRODUCT_NAME = "$(TARGET_NAME)";
				SWIFT_VERSION = 4.2;
				TARGETED_DEVICE_FAMILY = "1,2";
			};
			name = Debug;
		};
		386178A31FBC21C60059FE89 /* Release */ = {
			isa = XCBuildConfiguration;
			buildSettings = {
				ALWAYS_EMBED_SWIFT_STANDARD_LIBRARIES = YES;
				ASSETCATALOG_COMPILER_APPICON_NAME = AppIcon;
				CODE_SIGN_STYLE = Automatic;
				DEVELOPMENT_TEAM = 9EUCWD26TP;
				INFOPLIST_FILE = Example/Info.plist;
				LD_RUNPATH_SEARCH_PATHS = "$(inherited) @executable_path/Frameworks";
				PRODUCT_BUNDLE_IDENTIFIER = me.nathantannar.Example;
				PRODUCT_NAME = "$(TARGET_NAME)";
				SWIFT_VERSION = 4.2;
				TARGETED_DEVICE_FAMILY = "1,2";
			};
			name = Release;
		};
/* End XCBuildConfiguration section */

/* Begin XCConfigurationList section */
		386178731FBC21740059FE89 /* Build configuration list for PBXProject "DynamicTabBarController" */ = {
			isa = XCConfigurationList;
			buildConfigurations = (
				3861787F1FBC21750059FE89 /* Debug */,
				386178801FBC21750059FE89 /* Release */,
			);
			defaultConfigurationIsVisible = 0;
			defaultConfigurationName = Release;
		};
		386178811FBC21750059FE89 /* Build configuration list for PBXNativeTarget "DynamicTabBarController" */ = {
			isa = XCConfigurationList;
			buildConfigurations = (
				386178821FBC21750059FE89 /* Debug */,
				386178831FBC21750059FE89 /* Release */,
			);
			defaultConfigurationIsVisible = 0;
			defaultConfigurationName = Release;
		};
		386178A11FBC21C60059FE89 /* Build configuration list for PBXNativeTarget "Example" */ = {
			isa = XCConfigurationList;
			buildConfigurations = (
				386178A21FBC21C60059FE89 /* Debug */,
				386178A31FBC21C60059FE89 /* Release */,
			);
			defaultConfigurationIsVisible = 0;
			defaultConfigurationName = Release;
		};
/* End XCConfigurationList section */
	};
	rootObject = 386178701FBC21740059FE89 /* Project object */;
}
